// !$*UTF8*$!
{
	archiveVersion = 1;
	classes = {
	};
	objectVersion = 46;
	objects = {

/* Begin PBXBuildFile section */
		BB0E11B41F7B7315002EA975 /* AppDelegate.swift in Sources */ = {isa = PBXBuildFile; fileRef = BB0E11B31F7B7315002EA975 /* AppDelegate.swift */; };
		BB0E11B61F7B7315002EA975 /* ViewController.swift in Sources */ = {isa = PBXBuildFile; fileRef = BB0E11B51F7B7315002EA975 /* ViewController.swift */; };
		BB0E11B91F7B7315002EA975 /* Main.storyboard in Resources */ = {isa = PBXBuildFile; fileRef = BB0E11B71F7B7315002EA975 /* Main.storyboard */; };
		BB0E11BB1F7B7315002EA975 /* Assets.xcassets in Resources */ = {isa = PBXBuildFile; fileRef = BB0E11BA1F7B7315002EA975 /* Assets.xcassets */; };
		BB0E11BE1F7B7315002EA975 /* LaunchScreen.storyboard in Resources */ = {isa = PBXBuildFile; fileRef = BB0E11BC1F7B7315002EA975 /* LaunchScreen.storyboard */; };
		BB0E11C91F7B7315002EA975 /* jenkinsTestTests.swift in Sources */ = {isa = PBXBuildFile; fileRef = BB0E11C81F7B7315002EA975 /* jenkinsTestTests.swift */; };
		BB0E11D41F7B7315002EA975 /* jenkinsTestUITests.swift in Sources */ = {isa = PBXBuildFile; fileRef = BB0E11D31F7B7315002EA975 /* jenkinsTestUITests.swift */; };
/* End PBXBuildFile section */

/* Begin PBXContainerItemProxy section */
		BB0E11C51F7B7315002EA975 /* PBXContainerItemProxy */ = {
			isa = PBXContainerItemProxy;
			containerPortal = BB0E11A81F7B7315002EA975 /* Project object */;
			proxyType = 1;
			remoteGlobalIDString = BB0E11AF1F7B7315002EA975;
			remoteInfo = jenkinsTest;
		};
		BB0E11D01F7B7315002EA975 /* PBXContainerItemProxy */ = {
			isa = PBXContainerItemProxy;
			containerPortal = BB0E11A81F7B7315002EA975 /* Project object */;
			proxyType = 1;
			remoteGlobalIDString = BB0E11AF1F7B7315002EA975;
			remoteInfo = jenkinsTest;
		};
/* End PBXContainerItemProxy section */

/* Begin PBXFileReference section */
		BB0E11B01F7B7315002EA975 /* jenkinsTest.app */ = {isa = PBXFileReference; explicitFileType = wrapper.application; includeInIndex = 0; path = jenkinsTest.app; sourceTree = BUILT_PRODUCTS_DIR; };
		BB0E11B31F7B7315002EA975 /* AppDelegate.swift */ = {isa = PBXFileReference; lastKnownFileType = sourcecode.swift; path = AppDelegate.swift; sourceTree = "<group>"; };
		BB0E11B51F7B7315002EA975 /* ViewController.swift */ = {isa = PBXFileReference; lastKnownFileType = sourcecode.swift; path = ViewController.swift; sourceTree = "<group>"; };
		BB0E11B81F7B7315002EA975 /* Base */ = {isa = PBXFileReference; lastKnownFileType = file.storyboard; name = Base; path = Base.lproj/Main.storyboard; sourceTree = "<group>"; };
		BB0E11BA1F7B7315002EA975 /* Assets.xcassets */ = {isa = PBXFileReference; lastKnownFileType = folder.assetcatalog; path = Assets.xcassets; sourceTree = "<group>"; };
		BB0E11BD1F7B7315002EA975 /* Base */ = {isa = PBXFileReference; lastKnownFileType = file.storyboard; name = Base; path = Base.lproj/LaunchScreen.storyboard; sourceTree = "<group>"; };
		BB0E11BF1F7B7315002EA975 /* Info.plist */ = {isa = PBXFileReference; lastKnownFileType = text.plist.xml; path = Info.plist; sourceTree = "<group>"; };
		BB0E11C41F7B7315002EA975 /* jenkinsTestTests.xctest */ = {isa = PBXFileReference; explicitFileType = wrapper.cfbundle; includeInIndex = 0; path = jenkinsTestTests.xctest; sourceTree = BUILT_PRODUCTS_DIR; };
		BB0E11C81F7B7315002EA975 /* jenkinsTestTests.swift */ = {isa = PBXFileReference; lastKnownFileType = sourcecode.swift; path = jenkinsTestTests.swift; sourceTree = "<group>"; };
		BB0E11CA1F7B7315002EA975 /* Info.plist */ = {isa = PBXFileReference; lastKnownFileType = text.plist.xml; path = Info.plist; sourceTree = "<group>"; };
		BB0E11CF1F7B7315002EA975 /* jenkinsTestUITests.xctest */ = {isa = PBXFileReference; explicitFileType = wrapper.cfbundle; includeInIndex = 0; path = jenkinsTestUITests.xctest; sourceTree = BUILT_PRODUCTS_DIR; };
		BB0E11D31F7B7315002EA975 /* jenkinsTestUITests.swift */ = {isa = PBXFileReference; lastKnownFileType = sourcecode.swift; path = jenkinsTestUITests.swift; sourceTree = "<group>"; };
		BB0E11D51F7B7316002EA975 /* Info.plist */ = {isa = PBXFileReference; lastKnownFileType = text.plist.xml; path = Info.plist; sourceTree = "<group>"; };
/* End PBXFileReference section */

/* Begin PBXFrameworksBuildPhase section */
		BB0E11AD1F7B7315002EA975 /* Frameworks */ = {
			isa = PBXFrameworksBuildPhase;
			buildActionMask = 2147483647;
			files = (
			);
			runOnlyForDeploymentPostprocessing = 0;
		};
		BB0E11C11F7B7315002EA975 /* Frameworks */ = {
			isa = PBXFrameworksBuildPhase;
			buildActionMask = 2147483647;
			files = (
			);
			runOnlyForDeploymentPostprocessing = 0;
		};
		BB0E11CC1F7B7315002EA975 /* Frameworks */ = {
			isa = PBXFrameworksBuildPhase;
			buildActionMask = 2147483647;
			files = (
			);
			runOnlyForDeploymentPostprocessing = 0;
		};
/* End PBXFrameworksBuildPhase section */

/* Begin PBXGroup section */
		BB0E11A71F7B7315002EA975 = {
			isa = PBXGroup;
			children = (
				BB0E11B21F7B7315002EA975 /* jenkinsTest */,
				BB0E11C71F7B7315002EA975 /* jenkinsTestTests */,
				BB0E11D21F7B7315002EA975 /* jenkinsTestUITests */,
				BB0E11B11F7B7315002EA975 /* Products */,
			);
			sourceTree = "<group>";
		};
		BB0E11B11F7B7315002EA975 /* Products */ = {
			isa = PBXGroup;
			children = (
				BB0E11B01F7B7315002EA975 /* jenkinsTest.app */,
				BB0E11C41F7B7315002EA975 /* jenkinsTestTests.xctest */,
				BB0E11CF1F7B7315002EA975 /* jenkinsTestUITests.xctest */,
			);
			name = Products;
			sourceTree = "<group>";
		};
		BB0E11B21F7B7315002EA975 /* jenkinsTest */ = {
			isa = PBXGroup;
			children = (
				BB0E11B31F7B7315002EA975 /* AppDelegate.swift */,
				BB0E11B51F7B7315002EA975 /* ViewController.swift */,
				BB0E11B71F7B7315002EA975 /* Main.storyboard */,
				BB0E11BA1F7B7315002EA975 /* Assets.xcassets */,
				BB0E11BC1F7B7315002EA975 /* LaunchScreen.storyboard */,
				BB0E11BF1F7B7315002EA975 /* Info.plist */,
			);
			path = jenkinsTest;
			sourceTree = "<group>";
		};
		BB0E11C71F7B7315002EA975 /* jenkinsTestTests */ = {
			isa = PBXGroup;
			children = (
				BB0E11C81F7B7315002EA975 /* jenkinsTestTests.swift */,
				BB0E11CA1F7B7315002EA975 /* Info.plist */,
			);
			path = jenkinsTestTests;
			sourceTree = "<group>";
		};
		BB0E11D21F7B7315002EA975 /* jenkinsTestUITests */ = {
			isa = PBXGroup;
			children = (
				BB0E11D31F7B7315002EA975 /* jenkinsTestUITests.swift */,
				BB0E11D51F7B7316002EA975 /* Info.plist */,
			);
			path = jenkinsTestUITests;
			sourceTree = "<group>";
		};
/* End PBXGroup section */

/* Begin PBXNativeTarget section */
		BB0E11AF1F7B7315002EA975 /* jenkinsTest */ = {
			isa = PBXNativeTarget;
			buildConfigurationList = BB0E11D81F7B7316002EA975 /* Build configuration list for PBXNativeTarget "jenkinsTest" */;
			buildPhases = (
				BB0E11AC1F7B7315002EA975 /* Sources */,
				BB0E11AD1F7B7315002EA975 /* Frameworks */,
				BB0E11AE1F7B7315002EA975 /* Resources */,
			);
			buildRules = (
			);
			dependencies = (
			);
			name = jenkinsTest;
			productName = jenkinsTest;
			productReference = BB0E11B01F7B7315002EA975 /* jenkinsTest.app */;
			productType = "com.apple.product-type.application";
		};
		BB0E11C31F7B7315002EA975 /* jenkinsTestTests */ = {
			isa = PBXNativeTarget;
			buildConfigurationList = BB0E11DB1F7B7316002EA975 /* Build configuration list for PBXNativeTarget "jenkinsTestTests" */;
			buildPhases = (
				BB0E11C01F7B7315002EA975 /* Sources */,
				BB0E11C11F7B7315002EA975 /* Frameworks */,
				BB0E11C21F7B7315002EA975 /* Resources */,
			);
			buildRules = (
			);
			dependencies = (
				BB0E11C61F7B7315002EA975 /* PBXTargetDependency */,
			);
			name = jenkinsTestTests;
			productName = jenkinsTestTests;
			productReference = BB0E11C41F7B7315002EA975 /* jenkinsTestTests.xctest */;
			productType = "com.apple.product-type.bundle.unit-test";
		};
		BB0E11CE1F7B7315002EA975 /* jenkinsTestUITests */ = {
			isa = PBXNativeTarget;
			buildConfigurationList = BB0E11DE1F7B7316002EA975 /* Build configuration list for PBXNativeTarget "jenkinsTestUITests" */;
			buildPhases = (
				BB0E11CB1F7B7315002EA975 /* Sources */,
				BB0E11CC1F7B7315002EA975 /* Frameworks */,
				BB0E11CD1F7B7315002EA975 /* Resources */,
			);
			buildRules = (
			);
			dependencies = (
				BB0E11D11F7B7315002EA975 /* PBXTargetDependency */,
			);
			name = jenkinsTestUITests;
			productName = jenkinsTestUITests;
			productReference = BB0E11CF1F7B7315002EA975 /* jenkinsTestUITests.xctest */;
			productType = "com.apple.product-type.bundle.ui-testing";
		};
/* End PBXNativeTarget section */

/* Begin PBXProject section */
		BB0E11A81F7B7315002EA975 /* Project object */ = {
			isa = PBXProject;
			attributes = {
				LastSwiftUpdateCheck = 0830;
				LastUpgradeCheck = 0830;
				ORGANIZATIONNAME = myrealtrip;
				TargetAttributes = {
					BB0E11AF1F7B7315002EA975 = {
						CreatedOnToolsVersion = 8.3.3;
						DevelopmentTeam = EKD5J8G5SA;
						ProvisioningStyle = Automatic;
					};
					BB0E11C31F7B7315002EA975 = {
						CreatedOnToolsVersion = 8.3.3;
						DevelopmentTeam = EKD5J8G5SA;
						ProvisioningStyle = Automatic;
						TestTargetID = BB0E11AF1F7B7315002EA975;
					};
					BB0E11CE1F7B7315002EA975 = {
						CreatedOnToolsVersion = 8.3.3;
						DevelopmentTeam = EKD5J8G5SA;
						ProvisioningStyle = Automatic;
						TestTargetID = BB0E11AF1F7B7315002EA975;
					};
				};
			};
			buildConfigurationList = BB0E11AB1F7B7315002EA975 /* Build configuration list for PBXProject "jenkinsTest" */;
			compatibilityVersion = "Xcode 3.2";
			developmentRegion = English;
			hasScannedForEncodings = 0;
			knownRegions = (
				en,
				Base,
			);
			mainGroup = BB0E11A71F7B7315002EA975;
			productRefGroup = BB0E11B11F7B7315002EA975 /* Products */;
			projectDirPath = "";
			projectRoot = "";
			targets = (
				BB0E11AF1F7B7315002EA975 /* jenkinsTest */,
				BB0E11C31F7B7315002EA975 /* jenkinsTestTests */,
				BB0E11CE1F7B7315002EA975 /* jenkinsTestUITests */,
			);
		};
/* End PBXProject section */

/* Begin PBXResourcesBuildPhase section */
		BB0E11AE1F7B7315002EA975 /* Resources */ = {
			isa = PBXResourcesBuildPhase;
			buildActionMask = 2147483647;
			files = (
				BB0E11BE1F7B7315002EA975 /* LaunchScreen.storyboard in Resources */,
				BB0E11BB1F7B7315002EA975 /* Assets.xcassets in Resources */,
				BB0E11B91F7B7315002EA975 /* Main.storyboard in Resources */,
			);
			runOnlyForDeploymentPostprocessing = 0;
		};
		BB0E11C21F7B7315002EA975 /* Resources */ = {
			isa = PBXResourcesBuildPhase;
			buildActionMask = 2147483647;
			files = (
			);
			runOnlyForDeploymentPostprocessing = 0;
		};
		BB0E11CD1F7B7315002EA975 /* Resources */ = {
			isa = PBXResourcesBuildPhase;
			buildActionMask = 2147483647;
			files = (
			);
			runOnlyForDeploymentPostprocessing = 0;
		};
/* End PBXResourcesBuildPhase section */

/* Begin PBXSourcesBuildPhase section */
		BB0E11AC1F7B7315002EA975 /* Sources */ = {
			isa = PBXSourcesBuildPhase;
			buildActionMask = 2147483647;
			files = (
				BB0E11B61F7B7315002EA975 /* ViewController.swift in Sources */,
				BB0E11B41F7B7315002EA975 /* AppDelegate.swift in Sources */,
			);
			runOnlyForDeploymentPostprocessing = 0;
		};
		BB0E11C01F7B7315002EA975 /* Sources */ = {
			isa = PBXSourcesBuildPhase;
			buildActionMask = 2147483647;
			files = (
				BB0E11C91F7B7315002EA975 /* jenkinsTestTests.swift in Sources */,
			);
			runOnlyForDeploymentPostprocessing = 0;
		};
		BB0E11CB1F7B7315002EA975 /* Sources */ = {
			isa = PBXSourcesBuildPhase;
			buildActionMask = 2147483647;
			files = (
				BB0E11D41F7B7315002EA975 /* jenkinsTestUITests.swift in Sources */,
			);
			runOnlyForDeploymentPostprocessing = 0;
		};
/* End PBXSourcesBuildPhase section */

/* Begin PBXTargetDependency section */
		BB0E11C61F7B7315002EA975 /* PBXTargetDependency */ = {
			isa = PBXTargetDependency;
			target = BB0E11AF1F7B7315002EA975 /* jenkinsTest */;
			targetProxy = BB0E11C51F7B7315002EA975 /* PBXContainerItemProxy */;
		};
		BB0E11D11F7B7315002EA975 /* PBXTargetDependency */ = {
			isa = PBXTargetDependency;
			target = BB0E11AF1F7B7315002EA975 /* jenkinsTest */;
			targetProxy = BB0E11D01F7B7315002EA975 /* PBXContainerItemProxy */;
		};
/* End PBXTargetDependency section */

/* Begin PBXVariantGroup section */
		BB0E11B71F7B7315002EA975 /* Main.storyboard */ = {
			isa = PBXVariantGroup;
			children = (
				BB0E11B81F7B7315002EA975 /* Base */,
			);
			name = Main.storyboard;
			sourceTree = "<group>";
		};
		BB0E11BC1F7B7315002EA975 /* LaunchScreen.storyboard */ = {
			isa = PBXVariantGroup;
			children = (
				BB0E11BD1F7B7315002EA975 /* Base */,
			);
			name = LaunchScreen.storyboard;
			sourceTree = "<group>";
		};
/* End PBXVariantGroup section */

/* Begin XCBuildConfiguration section */
		BB0E11D61F7B7316002EA975 /* Debug */ = {
			isa = XCBuildConfiguration;
			buildSettings = {
				ALWAYS_SEARCH_USER_PATHS = NO;
				CLANG_ANALYZER_NONNULL = YES;
				CLANG_ANALYZER_NUMBER_OBJECT_CONVERSION = YES_AGGRESSIVE;
				CLANG_CXX_LANGUAGE_STANDARD = "gnu++0x";
				CLANG_CXX_LIBRARY = "libc++";
				CLANG_ENABLE_MODULES = YES;
				CLANG_ENABLE_OBJC_ARC = YES;
				CLANG_WARN_BOOL_CONVERSION = YES;
				CLANG_WARN_CONSTANT_CONVERSION = YES;
				CLANG_WARN_DIRECT_OBJC_ISA_USAGE = YES_ERROR;
				CLANG_WARN_DOCUMENTATION_COMMENTS = YES;
				CLANG_WARN_EMPTY_BODY = YES;
				CLANG_WARN_ENUM_CONVERSION = YES;
				CLANG_WARN_INFINITE_RECURSION = YES;
				CLANG_WARN_INT_CONVERSION = YES;
				CLANG_WARN_OBJC_ROOT_CLASS = YES_ERROR;
				CLANG_WARN_SUSPICIOUS_MOVE = YES;
				CLANG_WARN_UNREACHABLE_CODE = YES;
				CLANG_WARN__DUPLICATE_METHOD_MATCH = YES;
				"CODE_SIGN_IDENTITY[sdk=iphoneos*]" = "iPhone Developer";
				COPY_PHASE_STRIP = NO;
				DEBUG_INFORMATION_FORMAT = dwarf;
				ENABLE_STRICT_OBJC_MSGSEND = YES;
				ENABLE_TESTABILITY = YES;
				GCC_C_LANGUAGE_STANDARD = gnu99;
				GCC_DYNAMIC_NO_PIC = NO;
				GCC_NO_COMMON_BLOCKS = YES;
				GCC_OPTIMIZATION_LEVEL = 0;
				GCC_PREPROCESSOR_DEFINITIONS = (
					"DEBUG=1",
					"$(inherited)",
				);
				GCC_WARN_64_TO_32_BIT_CONVERSION = YES;
				GCC_WARN_ABOUT_RETURN_TYPE = YES_ERROR;
				GCC_WARN_UNDECLARED_SELECTOR = YES;
				GCC_WARN_UNINITIALIZED_AUTOS = YES_AGGRESSIVE;
				GCC_WARN_UNUSED_FUNCTION = YES;
				GCC_WARN_UNUSED_VARIABLE = YES;
				IPHONEOS_DEPLOYMENT_TARGET = 10.3;
				MTL_ENABLE_DEBUG_INFO = YES;
				ONLY_ACTIVE_ARCH = YES;
				SDKROOT = iphoneos;
				SWIFT_ACTIVE_COMPILATION_CONDITIONS = DEBUG;
				SWIFT_OPTIMIZATION_LEVEL = "-Onone";
			};
			name = Debug;
		};
		BB0E11D71F7B7316002EA975 /* Release */ = {
			isa = XCBuildConfiguration;
			buildSettings = {
				ALWAYS_SEARCH_USER_PATHS = NO;
				CLANG_ANALYZER_NONNULL = YES;
				CLANG_ANALYZER_NUMBER_OBJECT_CONVERSION = YES_AGGRESSIVE;
				CLANG_CXX_LANGUAGE_STANDARD = "gnu++0x";
				CLANG_CXX_LIBRARY = "libc++";
				CLANG_ENABLE_MODULES = YES;
				CLANG_ENABLE_OBJC_ARC = YES;
				CLANG_WARN_BOOL_CONVERSION = YES;
				CLANG_WARN_CONSTANT_CONVERSION = YES;
				CLANG_WARN_DIRECT_OBJC_ISA_USAGE = YES_ERROR;
				CLANG_WARN_DOCUMENTATION_COMMENTS = YES;
				CLANG_WARN_EMPTY_BODY = YES;
				CLANG_WARN_ENUM_CONVERSION = YES;
				CLANG_WARN_INFINITE_RECURSION = YES;
				CLANG_WARN_INT_CONVERSION = YES;
				CLANG_WARN_OBJC_ROOT_CLASS = YES_ERROR;
				CLANG_WARN_SUSPICIOUS_MOVE = YES;
				CLANG_WARN_UNREACHABLE_CODE = YES;
				CLANG_WARN__DUPLICATE_METHOD_MATCH = YES;
				"CODE_SIGN_IDENTITY[sdk=iphoneos*]" = "iPhone Developer";
				COPY_PHASE_STRIP = NO;
				DEBUG_INFORMATION_FORMAT = "dwarf-with-dsym";
				ENABLE_NS_ASSERTIONS = NO;
				ENABLE_STRICT_OBJC_MSGSEND = YES;
				GCC_C_LANGUAGE_STANDARD = gnu99;
				GCC_NO_COMMON_BLOCKS = YES;
				GCC_WARN_64_TO_32_BIT_CONVERSION = YES;
				GCC_WARN_ABOUT_RETURN_TYPE = YES_ERROR;
				GCC_WARN_UNDECLARED_SELECTOR = YES;
				GCC_WARN_UNINITIALIZED_AUTOS = YES_AGGRESSIVE;
				GCC_WARN_UNUSED_FUNCTION = YES;
				GCC_WARN_UNUSED_VARIABLE = YES;
				IPHONEOS_DEPLOYMENT_TARGET = 10.3;
				MTL_ENABLE_DEBUG_INFO = NO;
				SDKROOT = iphoneos;
				SWIFT_OPTIMIZATION_LEVEL = "-Owholemodule";
				VALIDATE_PRODUCT = YES;
			};
			name = Release;
		};
		BB0E11D91F7B7316002EA975 /* Debug */ = {
			isa = XCBuildConfiguration;
			buildSettings = {
				ASSETCATALOG_COMPILER_APPICON_NAME = AppIcon;
				DEVELOPMENT_TEAM = EKD5J8G5SA;
				INFOPLIST_FILE = jenkinsTest/Info.plist;
				LD_RUNPATH_SEARCH_PATHS = "$(inherited) @executable_path/Frameworks";
				PRODUCT_BUNDLE_IDENTIFIER = com.myrealtrip.jenkinsTest;
				PRODUCT_NAME = "$(TARGET_NAME)";
				SWIFT_VERSION = 3.0;
			};
			name = Debug;
		};
		BB0E11DA1F7B7316002EA975 /* Release */ = {
			isa = XCBuildConfiguration;
			buildSettings = {
				ASSETCATALOG_COMPILER_APPICON_NAME = AppIcon;
				DEVELOPMENT_TEAM = EKD5J8G5SA;
				INFOPLIST_FILE = jenkinsTest/Info.plist;
				LD_RUNPATH_SEARCH_PATHS = "$(inherited) @executable_path/Frameworks";
				PRODUCT_BUNDLE_IDENTIFIER = com.myrealtrip.jenkinsTest;
				PRODUCT_NAME = "$(TARGET_NAME)";
				SWIFT_VERSION = 3.0;
			};
			name = Release;
		};
		BB0E11DC1F7B7316002EA975 /* Debug */ = {
			isa = XCBuildConfiguration;
			buildSettings = {
				ALWAYS_EMBED_SWIFT_STANDARD_LIBRARIES = YES;
				BUNDLE_LOADER = "$(TEST_HOST)";
				DEVELOPMENT_TEAM = EKD5J8G5SA;
				INFOPLIST_FILE = jenkinsTestTests/Info.plist;
				LD_RUNPATH_SEARCH_PATHS = "$(inherited) @executable_path/Frameworks @loader_path/Frameworks";
				PRODUCT_BUNDLE_IDENTIFIER = com.myrealtrip.jenkinsTestTests;
				PRODUCT_NAME = "$(TARGET_NAME)";
				SWIFT_VERSION = 3.0;
				TEST_HOST = "$(BUILT_PRODUCTS_DIR)/jenkinsTest.app/jenkinsTest";
			};
			name = Debug;
		};
		BB0E11DD1F7B7316002EA975 /* Release */ = {
			isa = XCBuildConfiguration;
			buildSettings = {
				ALWAYS_EMBED_SWIFT_STANDARD_LIBRARIES = YES;
				BUNDLE_LOADER = "$(TEST_HOST)";
				DEVELOPMENT_TEAM = EKD5J8G5SA;
				INFOPLIST_FILE = jenkinsTestTests/Info.plist;
				LD_RUNPATH_SEARCH_PATHS = "$(inherited) @executable_path/Frameworks @loader_path/Frameworks";
				PRODUCT_BUNDLE_IDENTIFIER = com.myrealtrip.jenkinsTestTests;
				PRODUCT_NAME = "$(TARGET_NAME)";
				SWIFT_VERSION = 3.0;
				TEST_HOST = "$(BUILT_PRODUCTS_DIR)/jenkinsTest.app/jenkinsTest";
			};
			name = Release;
		};
		BB0E11DF1F7B7316002EA975 /* Debug */ = {
			isa = XCBuildConfiguration;
			buildSettings = {
				ALWAYS_EMBED_SWIFT_STANDARD_LIBRARIES = YES;
				DEVELOPMENT_TEAM = EKD5J8G5SA;
				INFOPLIST_FILE = jenkinsTestUITests/Info.plist;
				LD_RUNPATH_SEARCH_PATHS = "$(inherited) @executable_path/Frameworks @loader_path/Frameworks";
				PRODUCT_BUNDLE_IDENTIFIER = com.myrealtrip.jenkinsTestUITests;
				PRODUCT_NAME = "$(TARGET_NAME)";
				SWIFT_VERSION = 3.0;
				TEST_TARGET_NAME = jenkinsTest;
			};
			name = Debug;
		};
		BB0E11E01F7B7316002EA975 /* Release */ = {
			isa = XCBuildConfiguration;
			buildSettings = {
				ALWAYS_EMBED_SWIFT_STANDARD_LIBRARIES = YES;
				DEVELOPMENT_TEAM = EKD5J8G5SA;
				INFOPLIST_FILE = jenkinsTestUITests/Info.plist;
				LD_RUNPATH_SEARCH_PATHS = "$(inherited) @executable_path/Frameworks @loader_path/Frameworks";
				PRODUCT_BUNDLE_IDENTIFIER = com.myrealtrip.jenkinsTestUITests;
				PRODUCT_NAME = "$(TARGET_NAME)";
				SWIFT_VERSION = 3.0;
				TEST_TARGET_NAME = jenkinsTest;
			};
			name = Release;
		};
/* End XCBuildConfiguration section */

/* Begin XCConfigurationList section */
		BB0E11AB1F7B7315002EA975 /* Build configuration list for PBXProject "jenkinsTest" */ = {
			isa = XCConfigurationList;
			buildConfigurations = (
				BB0E11D61F7B7316002EA975 /* Debug */,
				BB0E11D71F7B7316002EA975 /* Release */,
			);
			defaultConfigurationIsVisible = 0;
			defaultConfigurationName = Release;
		};
		BB0E11D81F7B7316002EA975 /* Build configuration list for PBXNativeTarget "jenkinsTest" */ = {
			isa = XCConfigurationList;
			buildConfigurations = (
				BB0E11D91F7B7316002EA975 /* Debug */,
				BB0E11DA1F7B7316002EA975 /* Release */,
			);
			defaultConfigurationIsVisible = 0;
		};
		BB0E11DB1F7B7316002EA975 /* Build configuration list for PBXNativeTarget "jenkinsTestTests" */ = {
			isa = XCConfigurationList;
			buildConfigurations = (
				BB0E11DC1F7B7316002EA975 /* Debug */,
				BB0E11DD1F7B7316002EA975 /* Release */,
			);
			defaultConfigurationIsVisible = 0;
		};
		BB0E11DE1F7B7316002EA975 /* Build configuration list for PBXNativeTarget "jenkinsTestUITests" */ = {
			isa = XCConfigurationList;
			buildConfigurations = (
				BB0E11DF1F7B7316002EA975 /* Debug */,
				BB0E11E01F7B7316002EA975 /* Release */,
			);
			defaultConfigurationIsVisible = 0;
		};
/* End XCConfigurationList section */
	};
	rootObject = BB0E11A81F7B7315002EA975 /* Project object */;
}
